
Microsoft Visual Studio Solution File, Format Version 12.00
# Visual Studio 2013
VisualStudioVersion = 12.0.21005.1
MinimumVisualStudioVersion = 10.0.40219.1
Project("{F184B08F-C81C-45F6-A57F-5ABD9991F28F}") = "InternetServiceProviderPart1", "InternetServiceProviderPart1\InternetServiceProviderPart1.vbproj", "{0B6B47BF-7D6B-4B9C-8EA7-60F0C7283A33}"
EndProject
Global
	GlobalSection(SolutionConfigurationPlatforms) = preSolution
		Debug|Any CPU = Debug|Any CPU
		Release|Any CPU = Release|Any CPU
	EndGlobalSection
	GlobalSection(ProjectConfigurationPlatforms) = postSolution
		{0B6B47BF-7D6B-4B9C-8EA7-60F0C7283A33}.Debug|Any CPU.ActiveCfg = Debug|Any CPU
		{0B6B47BF-7D6B-4B9C-8EA7-60F0C7283A33}.Debug|Any CPU.Build.0 = Debug|Any CPU
		{0B6B47BF-7D6B-4B9C-8EA7-60F0C7283A33}.Release|Any CPU.ActiveCfg = Release|Any CPU
		{0B6B47BF-7D6B-4B9C-8EA7-60F0C7283A33}.Release|Any CPU.Build.0 = Release|Any CPU
	EndGlobalSection
	GlobalSection(SolutionProperties) = preSolution
		HideSolutionNode = FALSE
	EndGlobalSection
EndGlobal
