
Microsoft Visual Studio Solution File, Format Version 12.00
# Visual Studio 14
VisualStudioVersion = 14.0.23107.0
MinimumVisualStudioVersion = 10.0.40219.1
Project("{F184B08F-C81C-45F6-A57F-5ABD9991F28F}") = "Lottery", "Lottery\Lottery.vbproj", "{38DD50B1-0322-4750-9F6B-DD4F904953D4}"
EndProject
Global
	GlobalSection(SolutionConfigurationPlatforms) = preSolution
		Debug|Any CPU = Debug|Any CPU
		Release|Any CPU = Release|Any CPU
	EndGlobalSection
	GlobalSection(ProjectConfigurationPlatforms) = postSolution
		{38DD50B1-0322-4750-9F6B-DD4F904953D4}.Debug|Any CPU.ActiveCfg = Debug|Any CPU
		{38DD50B1-0322-4750-9F6B-DD4F904953D4}.Debug|Any CPU.Build.0 = Debug|Any CPU
		{38DD50B1-0322-4750-9F6B-DD4F904953D4}.Release|Any CPU.ActiveCfg = Release|Any CPU
		{38DD50B1-0322-4750-9F6B-DD4F904953D4}.Release|Any CPU.Build.0 = Release|Any CPU
	EndGlobalSection
	GlobalSection(SolutionProperties) = preSolution
		HideSolutionNode = FALSE
	EndGlobalSection
EndGlobal
